// !$*UTF8*$!
{
	archiveVersion = 1;
	classes = {
	};
	objectVersion = 77;
	objects = {

/* Begin PBXBuildFile section */
		38333A022E31A5EA007246F0 /* ZIPFoundation in Frameworks */ = {isa = PBXBuildFile; productRef = 38333A012E31A5EA007246F0 /* ZIPFoundation */; };
/* End PBXBuildFile section */

/* Begin PBXContainerItemProxy section */
		38EAF1BB2DE3F8AC00D4EA9E /* PBXContainerItemProxy */ = {
			isa = PBXContainerItemProxy;
			containerPortal = 38EAF1A52DE3F8AA00D4EA9E /* Project object */;
			proxyType = 1;
			remoteGlobalIDString = 38EAF1AC2DE3F8AA00D4EA9E;
			remoteInfo = FoodTracker2;
		};
		38EAF1C52DE3F8AC00D4EA9E /* PBXContainerItemProxy */ = {
			isa = PBXContainerItemProxy;
			containerPortal = 38EAF1A52DE3F8AA00D4EA9E /* Project object */;
			proxyType = 1;
			remoteGlobalIDString = 38EAF1AC2DE3F8AA00D4EA9E;
			remoteInfo = FoodTracker2;
		};
/* End PBXContainerItemProxy section */

/* Begin PBXFileReference section */
		38EAF1AD2DE3F8AA00D4EA9E /* EateryLog.app */ = {isa = PBXFileReference; explicitFileType = wrapper.application; includeInIndex = 0; path = EateryLog.app; sourceTree = BUILT_PRODUCTS_DIR; };
		38EAF1BA2DE3F8AC00D4EA9E /* EateryLogTests.xctest */ = {isa = PBXFileReference; explicitFileType = wrapper.cfbundle; includeInIndex = 0; path = EateryLogTests.xctest; sourceTree = BUILT_PRODUCTS_DIR; };
		38EAF1C42DE3F8AC00D4EA9E /* EateryLogUITests.xctest */ = {isa = PBXFileReference; explicitFileType = wrapper.cfbundle; includeInIndex = 0; path = EateryLogUITests.xctest; sourceTree = BUILT_PRODUCTS_DIR; };
/* End PBXFileReference section */

/* Begin PBXFileSystemSynchronizedBuildFileExceptionSet section */
		38EAF1E72DE548C100D4EA9E /* Exceptions for "EateryLog" folder in "EateryLog" target */ = {
			isa = PBXFileSystemSynchronizedBuildFileExceptionSet;
			membershipExceptions = (
				ImHereView.save,
				Info.plist,
			);
			target = 38EAF1AC2DE3F8AA00D4EA9E /* EateryLog */;
		};
/* End PBXFileSystemSynchronizedBuildFileExceptionSet section */

/* Begin PBXFileSystemSynchronizedGroupBuildPhaseMembershipExceptionSet section */
		38C160392DF1059F00E8536A /* Exceptions for "EateryLog" folder in "Compile Sources" phase from "EateryLog" target */ = {
			isa = PBXFileSystemSynchronizedGroupBuildPhaseMembershipExceptionSet;
			buildPhase = 38EAF1A92DE3F8AA00D4EA9E /* Sources */;
			membershipExceptions = (
				ImHereView.save,
			);
		};
/* End PBXFileSystemSynchronizedGroupBuildPhaseMembershipExceptionSet section */

/* Begin PBXFileSystemSynchronizedRootGroup section */
		38EAF1AF2DE3F8AA00D4EA9E /* EateryLog */ = {
			isa = PBXFileSystemSynchronizedRootGroup;
			exceptions = (
				38EAF1E72DE548C100D4EA9E /* Exceptions for "EateryLog" folder in "EateryLog" target */,
				38C160392DF1059F00E8536A /* Exceptions for "EateryLog" folder in "Compile Sources" phase from "EateryLog" target */,
			);
			path = EateryLog;
			sourceTree = "<group>";
		};
		38EAF1BD2DE3F8AC00D4EA9E /* EateryLogTests */ = {
			isa = PBXFileSystemSynchronizedRootGroup;
			path = EateryLogTests;
			sourceTree = "<group>";
		};
		38EAF1C72DE3F8AC00D4EA9E /* FoodTracker2UITests */ = {
			isa = PBXFileSystemSynchronizedRootGroup;
			path = FoodTracker2UITests;
			sourceTree = "<group>";
		};
/* End PBXFileSystemSynchronizedRootGroup section */

/* Begin PBXFrameworksBuildPhase section */
		38EAF1AA2DE3F8AA00D4EA9E /* Frameworks */ = {
			isa = PBXFrameworksBuildPhase;
			buildActionMask = 2147483647;
			files = (
				38333A022E31A5EA007246F0 /* ZIPFoundation in Frameworks */,
			);
			runOnlyForDeploymentPostprocessing = 0;
		};
		38EAF1B72DE3F8AC00D4EA9E /* Frameworks */ = {
			isa = PBXFrameworksBuildPhase;
			buildActionMask = 2147483647;
			files = (
			);
			runOnlyForDeploymentPostprocessing = 0;
		};
		38EAF1C12DE3F8AC00D4EA9E /* Frameworks */ = {
			isa = PBXFrameworksBuildPhase;
			buildActionMask = 2147483647;
			files = (
			);
			runOnlyForDeploymentPostprocessing = 0;
		};
/* End PBXFrameworksBuildPhase section */

/* Begin PBXGroup section */
		38333A002E31A5EA007246F0 /* Frameworks */ = {
			isa = PBXGroup;
			children = (
			);
			name = Frameworks;
			sourceTree = "<group>";
		};
		38EAF1A42DE3F8AA00D4EA9E = {
			isa = PBXGroup;
			children = (
				38EAF1AF2DE3F8AA00D4EA9E /* EateryLog */,
				38EAF1BD2DE3F8AC00D4EA9E /* EateryLogTests */,
				38EAF1C72DE3F8AC00D4EA9E /* FoodTracker2UITests */,
				38333A002E31A5EA007246F0 /* Frameworks */,
				38EAF1AE2DE3F8AA00D4EA9E /* Products */,
			);
			sourceTree = "<group>";
		};
		38EAF1AE2DE3F8AA00D4EA9E /* Products */ = {
			isa = PBXGroup;
			children = (
				38EAF1AD2DE3F8AA00D4EA9E /* EateryLog.app */,
				38EAF1BA2DE3F8AC00D4EA9E /* EateryLogTests.xctest */,
				38EAF1C42DE3F8AC00D4EA9E /* EateryLogUITests.xctest */,
			);
			name = Products;
			sourceTree = "<group>";
		};
/* End PBXGroup section */

/* Begin PBXNativeTarget section */
		38EAF1AC2DE3F8AA00D4EA9E /* EateryLog */ = {
			isa = PBXNativeTarget;
			buildConfigurationList = 38EAF1CE2DE3F8AC00D4EA9E /* Build configuration list for PBXNativeTarget "EateryLog" */;
			buildPhases = (
				38EAF1A92DE3F8AA00D4EA9E /* Sources */,
				38EAF1AA2DE3F8AA00D4EA9E /* Frameworks */,
				38EAF1AB2DE3F8AA00D4EA9E /* Resources */,
			);
			buildRules = (
			);
			dependencies = (
			);
			fileSystemSynchronizedGroups = (
				38EAF1AF2DE3F8AA00D4EA9E /* EateryLog */,
			);
			name = EateryLog;
			packageProductDependencies = (
				38333A012E31A5EA007246F0 /* ZIPFoundation */,
			);
			productName = FoodTracker2;
			productReference = 38EAF1AD2DE3F8AA00D4EA9E /* EateryLog.app */;
			productType = "com.apple.product-type.application";
		};
		38EAF1B92DE3F8AC00D4EA9E /* EateryLogTests */ = {
			isa = PBXNativeTarget;
			buildConfigurationList = 38EAF1D12DE3F8AC00D4EA9E /* Build configuration list for PBXNativeTarget "EateryLogTests" */;
			buildPhases = (
				38EAF1B62DE3F8AC00D4EA9E /* Sources */,
				38EAF1B72DE3F8AC00D4EA9E /* Frameworks */,
				38EAF1B82DE3F8AC00D4EA9E /* Resources */,
			);
			buildRules = (
			);
			dependencies = (
				38EAF1BC2DE3F8AC00D4EA9E /* PBXTargetDependency */,
			);
			fileSystemSynchronizedGroups = (
				38EAF1BD2DE3F8AC00D4EA9E /* EateryLogTests */,
			);
			name = EateryLogTests;
			packageProductDependencies = (
			);
			productName = FoodTracker2Tests;
			productReference = 38EAF1BA2DE3F8AC00D4EA9E /* EateryLogTests.xctest */;
			productType = "com.apple.product-type.bundle.unit-test";
		};
		38EAF1C32DE3F8AC00D4EA9E /* EateryLogUITests */ = {
			isa = PBXNativeTarget;
			buildConfigurationList = 38EAF1D42DE3F8AC00D4EA9E /* Build configuration list for PBXNativeTarget "EateryLogUITests" */;
			buildPhases = (
				38EAF1C02DE3F8AC00D4EA9E /* Sources */,
				38EAF1C12DE3F8AC00D4EA9E /* Frameworks */,
				38EAF1C22DE3F8AC00D4EA9E /* Resources */,
			);
			buildRules = (
			);
			dependencies = (
				38EAF1C62DE3F8AC00D4EA9E /* PBXTargetDependency */,
			);
			fileSystemSynchronizedGroups = (
				38EAF1C72DE3F8AC00D4EA9E /* FoodTracker2UITests */,
			);
			name = EateryLogUITests;
			packageProductDependencies = (
			);
			productName = FoodTracker2UITests;
			productReference = 38EAF1C42DE3F8AC00D4EA9E /* EateryLogUITests.xctest */;
			productType = "com.apple.product-type.bundle.ui-testing";
		};
/* End PBXNativeTarget section */

/* Begin PBXProject section */
		38EAF1A52DE3F8AA00D4EA9E /* Project object */ = {
			isa = PBXProject;
			attributes = {
				BuildIndependentTargetsInParallel = 1;
				LastSwiftUpdateCheck = 1630;
				LastUpgradeCheck = 1630;
				TargetAttributes = {
					38EAF1AC2DE3F8AA00D4EA9E = {
						CreatedOnToolsVersion = 16.3;
					};
					38EAF1B92DE3F8AC00D4EA9E = {
						CreatedOnToolsVersion = 16.3;
						TestTargetID = 38EAF1AC2DE3F8AA00D4EA9E;
					};
					38EAF1C32DE3F8AC00D4EA9E = {
						CreatedOnToolsVersion = 16.3;
						TestTargetID = 38EAF1AC2DE3F8AA00D4EA9E;
					};
				};
			};
			buildConfigurationList = 38EAF1A82DE3F8AA00D4EA9E /* Build configuration list for PBXProject "EateryLog" */;
			developmentRegion = en;
			hasScannedForEncodings = 0;
			knownRegions = (
				en,
				Base,
			);
			mainGroup = 38EAF1A42DE3F8AA00D4EA9E;
			minimizedProjectReferenceProxies = 1;
			packageReferences = (
				383339FF2E319FD3007246F0 /* XCRemoteSwiftPackageReference "ZIPFoundation" */,
			);
			preferredProjectObjectVersion = 77;
			productRefGroup = 38EAF1AE2DE3F8AA00D4EA9E /* Products */;
			projectDirPath = "";
			projectRoot = "";
			targets = (
				38EAF1AC2DE3F8AA00D4EA9E /* EateryLog */,
				38EAF1B92DE3F8AC00D4EA9E /* EateryLogTests */,
				38EAF1C32DE3F8AC00D4EA9E /* EateryLogUITests */,
			);
		};
/* End PBXProject section */

/* Begin PBXResourcesBuildPhase section */
		38EAF1AB2DE3F8AA00D4EA9E /* Resources */ = {
			isa = PBXResourcesBuildPhase;
			buildActionMask = 2147483647;
			files = (
			);
			runOnlyForDeploymentPostprocessing = 0;
		};
		38EAF1B82DE3F8AC00D4EA9E /* Resources */ = {
			isa = PBXResourcesBuildPhase;
			buildActionMask = 2147483647;
			files = (
			);
			runOnlyForDeploymentPostprocessing = 0;
		};
		38EAF1C22DE3F8AC00D4EA9E /* Resources */ = {
			isa = PBXResourcesBuildPhase;
			buildActionMask = 2147483647;
			files = (
			);
			runOnlyForDeploymentPostprocessing = 0;
		};
/* End PBXResourcesBuildPhase section */

/* Begin PBXSourcesBuildPhase section */
		38EAF1A92DE3F8AA00D4EA9E /* Sources */ = {
			isa = PBXSourcesBuildPhase;
			buildActionMask = 2147483647;
			files = (
			);
			runOnlyForDeploymentPostprocessing = 0;
		};
		38EAF1B62DE3F8AC00D4EA9E /* Sources */ = {
			isa = PBXSourcesBuildPhase;
			buildActionMask = 2147483647;
			files = (
			);
			runOnlyForDeploymentPostprocessing = 0;
		};
		38EAF1C02DE3F8AC00D4EA9E /* Sources */ = {
			isa = PBXSourcesBuildPhase;
			buildActionMask = 2147483647;
			files = (
			);
			runOnlyForDeploymentPostprocessing = 0;
		};
/* End PBXSourcesBuildPhase section */

/* Begin PBXTargetDependency section */
		38EAF1BC2DE3F8AC00D4EA9E /* PBXTargetDependency */ = {
			isa = PBXTargetDependency;
			target = 38EAF1AC2DE3F8AA00D4EA9E /* EateryLog */;
			targetProxy = 38EAF1BB2DE3F8AC00D4EA9E /* PBXContainerItemProxy */;
		};
		38EAF1C62DE3F8AC00D4EA9E /* PBXTargetDependency */ = {
			isa = PBXTargetDependency;
			target = 38EAF1AC2DE3F8AA00D4EA9E /* EateryLog */;
			targetProxy = 38EAF1C52DE3F8AC00D4EA9E /* PBXContainerItemProxy */;
		};
/* End PBXTargetDependency section */

/* Begin XCBuildConfiguration section */
		38EAF1CC2DE3F8AC00D4EA9E /* Debug */ = {
			isa = XCBuildConfiguration;
			buildSettings = {
				ALWAYS_SEARCH_USER_PATHS = NO;
				ASSETCATALOG_COMPILER_GENERATE_SWIFT_ASSET_SYMBOL_EXTENSIONS = YES;
				CLANG_ANALYZER_NONNULL = YES;
				CLANG_ANALYZER_NUMBER_OBJECT_CONVERSION = YES_AGGRESSIVE;
				CLANG_CXX_LANGUAGE_STANDARD = "gnu++20";
				CLANG_ENABLE_MODULES = YES;
				CLANG_ENABLE_OBJC_ARC = YES;
				CLANG_ENABLE_OBJC_WEAK = YES;
				CLANG_WARN_BLOCK_CAPTURE_AUTORELEASING = YES;
				CLANG_WARN_BOOL_CONVERSION = YES;
				CLANG_WARN_COMMA = YES;
				CLANG_WARN_CONSTANT_CONVERSION = YES;
				CLANG_WARN_DEPRECATED_OBJC_IMPLEMENTATIONS = YES;
				CLANG_WARN_DIRECT_OBJC_ISA_USAGE = YES_ERROR;
				CLANG_WARN_DOCUMENTATION_COMMENTS = YES;
				CLANG_WARN_EMPTY_BODY = YES;
				CLANG_WARN_ENUM_CONVERSION = YES;
				CLANG_WARN_INFINITE_RECURSION = YES;
				CLANG_WARN_INT_CONVERSION = YES;
				CLANG_WARN_NON_LITERAL_NULL_CONVERSION = YES;
				CLANG_WARN_OBJC_IMPLICIT_RETAIN_SELF = YES;
				CLANG_WARN_OBJC_LITERAL_CONVERSION = YES;
				CLANG_WARN_OBJC_ROOT_CLASS = YES_ERROR;
				CLANG_WARN_QUOTED_INCLUDE_IN_FRAMEWORK_HEADER = YES;
				CLANG_WARN_RANGE_LOOP_ANALYSIS = YES;
				CLANG_WARN_STRICT_PROTOTYPES = YES;
				CLANG_WARN_SUSPICIOUS_MOVE = YES;
				CLANG_WARN_UNGUARDED_AVAILABILITY = YES_AGGRESSIVE;
				CLANG_WARN_UNREACHABLE_CODE = YES;
				CLANG_WARN__DUPLICATE_METHOD_MATCH = YES;
				COPY_PHASE_STRIP = NO;
				DEBUG_INFORMATION_FORMAT = dwarf;
				ENABLE_STRICT_OBJC_MSGSEND = YES;
				ENABLE_TESTABILITY = YES;
				ENABLE_USER_SCRIPT_SANDBOXING = YES;
				GCC_C_LANGUAGE_STANDARD = gnu17;
				GCC_DYNAMIC_NO_PIC = NO;
				GCC_NO_COMMON_BLOCKS = YES;
				GCC_OPTIMIZATION_LEVEL = 0;
				GCC_PREPROCESSOR_DEFINITIONS = (
					"DEBUG=1",
					"$(inherited)",
				);
				GCC_WARN_64_TO_32_BIT_CONVERSION = YES;
				GCC_WARN_ABOUT_RETURN_TYPE = YES_ERROR;
				GCC_WARN_UNDECLARED_SELECTOR = YES;
				GCC_WARN_UNINITIALIZED_AUTOS = YES_AGGRESSIVE;
				GCC_WARN_UNUSED_FUNCTION = YES;
				GCC_WARN_UNUSED_VARIABLE = YES;
				IPHONEOS_DEPLOYMENT_TARGET = 18.4;
				LOCALIZATION_PREFERS_STRING_CATALOGS = YES;
				MTL_ENABLE_DEBUG_INFO = INCLUDE_SOURCE;
				MTL_FAST_MATH = YES;
				ONLY_ACTIVE_ARCH = YES;
				SDKROOT = iphoneos;
				SWIFT_ACTIVE_COMPILATION_CONDITIONS = "DEBUG $(inherited)";
				SWIFT_OPTIMIZATION_LEVEL = "-Onone";
			};
			name = Debug;
		};
		38EAF1CD2DE3F8AC00D4EA9E /* Release */ = {
			isa = XCBuildConfiguration;
			buildSettings = {
				ALWAYS_SEARCH_USER_PATHS = NO;
				ASSETCATALOG_COMPILER_GENERATE_SWIFT_ASSET_SYMBOL_EXTENSIONS = YES;
				CLANG_ANALYZER_NONNULL = YES;
				CLANG_ANALYZER_NUMBER_OBJECT_CONVERSION = YES_AGGRESSIVE;
				CLANG_CXX_LANGUAGE_STANDARD = "gnu++20";
				CLANG_ENABLE_MODULES = YES;
				CLANG_ENABLE_OBJC_ARC = YES;
				CLANG_ENABLE_OBJC_WEAK = YES;
				CLANG_WARN_BLOCK_CAPTURE_AUTORELEASING = YES;
				CLANG_WARN_BOOL_CONVERSION = YES;
				CLANG_WARN_COMMA = YES;
				CLANG_WARN_CONSTANT_CONVERSION = YES;
				CLANG_WARN_DEPRECATED_OBJC_IMPLEMENTATIONS = YES;
				CLANG_WARN_DIRECT_OBJC_ISA_USAGE = YES_ERROR;
				CLANG_WARN_DOCUMENTATION_COMMENTS = YES;
				CLANG_WARN_EMPTY_BODY = YES;
				CLANG_WARN_ENUM_CONVERSION = YES;
				CLANG_WARN_INFINITE_RECURSION = YES;
				CLANG_WARN_INT_CONVERSION = YES;
				CLANG_WARN_NON_LITERAL_NULL_CONVERSION = YES;
				CLANG_WARN_OBJC_IMPLICIT_RETAIN_SELF = YES;
				CLANG_WARN_OBJC_LITERAL_CONVERSION = YES;
				CLANG_WARN_OBJC_ROOT_CLASS = YES_ERROR;
				CLANG_WARN_QUOTED_INCLUDE_IN_FRAMEWORK_HEADER = YES;
				CLANG_WARN_RANGE_LOOP_ANALYSIS = YES;
				CLANG_WARN_STRICT_PROTOTYPES = YES;
				CLANG_WARN_SUSPICIOUS_MOVE = YES;
				CLANG_WARN_UNGUARDED_AVAILABILITY = YES_AGGRESSIVE;
				CLANG_WARN_UNREACHABLE_CODE = YES;
				CLANG_WARN__DUPLICATE_METHOD_MATCH = YES;
				COPY_PHASE_STRIP = NO;
				DEBUG_INFORMATION_FORMAT = "dwarf-with-dsym";
				ENABLE_NS_ASSERTIONS = NO;
				ENABLE_STRICT_OBJC_MSGSEND = YES;
				ENABLE_USER_SCRIPT_SANDBOXING = YES;
				GCC_C_LANGUAGE_STANDARD = gnu17;
				GCC_NO_COMMON_BLOCKS = YES;
				GCC_WARN_64_TO_32_BIT_CONVERSION = YES;
				GCC_WARN_ABOUT_RETURN_TYPE = YES_ERROR;
				GCC_WARN_UNDECLARED_SELECTOR = YES;
				GCC_WARN_UNINITIALIZED_AUTOS = YES_AGGRESSIVE;
				GCC_WARN_UNUSED_FUNCTION = YES;
				GCC_WARN_UNUSED_VARIABLE = YES;
				IPHONEOS_DEPLOYMENT_TARGET = 18.4;
				LOCALIZATION_PREFERS_STRING_CATALOGS = YES;
				MTL_ENABLE_DEBUG_INFO = NO;
				MTL_FAST_MATH = YES;
				SDKROOT = iphoneos;
				SWIFT_COMPILATION_MODE = wholemodule;
				VALIDATE_PRODUCT = YES;
			};
			name = Release;
		};
		38EAF1CF2DE3F8AC00D4EA9E /* Debug */ = {
			isa = XCBuildConfiguration;
			buildSettings = {
				ASSETCATALOG_COMPILER_APPICON_NAME = AppIcon;
				ASSETCATALOG_COMPILER_GLOBAL_ACCENT_COLOR_NAME = AccentColor;
				CODE_SIGN_STYLE = Automatic;
				CURRENT_PROJECT_VERSION = 1;
				DEVELOPMENT_TEAM = YM7H663BDL;
				ENABLE_PREVIEWS = YES;
				GENERATE_INFOPLIST_FILE = YES;
				INFOPLIST_FILE = EateryLog/Info.plist;
				INFOPLIST_KEY_UIApplicationSceneManifest_Generation = YES;
				INFOPLIST_KEY_UIApplicationSupportsIndirectInputEvents = YES;
				INFOPLIST_KEY_UILaunchScreen_Generation = YES;
				INFOPLIST_KEY_UISupportedInterfaceOrientations_iPad = "UIInterfaceOrientationPortrait UIInterfaceOrientationPortraitUpsideDown UIInterfaceOrientationLandscapeLeft UIInterfaceOrientationLandscapeRight";
				INFOPLIST_KEY_UISupportedInterfaceOrientations_iPhone = "UIInterfaceOrientationPortrait UIInterfaceOrientationLandscapeLeft UIInterfaceOrientationLandscapeRight";
				LD_RUNPATH_SEARCH_PATHS = (
					"$(inherited)",
					"@executable_path/Frameworks",
				);
				MARKETING_VERSION = 1.0;
				PRODUCT_BUNDLE_IDENTIFIER = com.jimcsmith.FoodTracker2;
				PRODUCT_NAME = "$(TARGET_NAME)";
				SWIFT_EMIT_LOC_STRINGS = YES;
				SWIFT_VERSION = 5.0;
				TARGETED_DEVICE_FAMILY = "1,2";
			};
			name = Debug;
		};
		38EAF1D02DE3F8AC00D4EA9E /* Release */ = {
			isa = XCBuildConfiguration;
			buildSettings = {
				ASSETCATALOG_COMPILER_APPICON_NAME = AppIcon;
				ASSETCATALOG_COMPILER_GLOBAL_ACCENT_COLOR_NAME = AccentColor;
				CODE_SIGN_STYLE = Automatic;
				CURRENT_PROJECT_VERSION = 1;
				DEVELOPMENT_TEAM = YM7H663BDL;
				ENABLE_PREVIEWS = YES;
				GENERATE_INFOPLIST_FILE = YES;
				INFOPLIST_FILE = EateryLog/Info.plist;
				INFOPLIST_KEY_UIApplicationSceneManifest_Generation = YES;
				INFOPLIST_KEY_UIApplicationSupportsIndirectInputEvents = YES;
				INFOPLIST_KEY_UILaunchScreen_Generation = YES;
				INFOPLIST_KEY_UISupportedInterfaceOrientations_iPad = "UIInterfaceOrientationPortrait UIInterfaceOrientationPortraitUpsideDown UIInterfaceOrientationLandscapeLeft UIInterfaceOrientationLandscapeRight";
				INFOPLIST_KEY_UISupportedInterfaceOrientations_iPhone = "UIInterfaceOrientationPortrait UIInterfaceOrientationLandscapeLeft UIInterfaceOrientationLandscapeRight";
				LD_RUNPATH_SEARCH_PATHS = (
					"$(inherited)",
					"@executable_path/Frameworks",
				);
				MARKETING_VERSION = 1.0;
				PRODUCT_BUNDLE_IDENTIFIER = com.jimcsmith.FoodTracker2;
				PRODUCT_NAME = "$(TARGET_NAME)";
				SWIFT_EMIT_LOC_STRINGS = YES;
				SWIFT_VERSION = 5.0;
				TARGETED_DEVICE_FAMILY = "1,2";
			};
			name = Release;
		};
		38EAF1D22DE3F8AC00D4EA9E /* Debug */ = {
			isa = XCBuildConfiguration;
			buildSettings = {
				BUNDLE_LOADER = "$(TEST_HOST)";
				CODE_SIGN_STYLE = Automatic;
				CURRENT_PROJECT_VERSION = 1;
				GENERATE_INFOPLIST_FILE = YES;
				IPHONEOS_DEPLOYMENT_TARGET = 18.4;
				MARKETING_VERSION = 1.0;
				PRODUCT_BUNDLE_IDENTIFIER = com.jimcsmith.FoodTracker2Tests;
				PRODUCT_NAME = "$(TARGET_NAME)";
				SWIFT_EMIT_LOC_STRINGS = NO;
				SWIFT_VERSION = 5.0;
				TARGETED_DEVICE_FAMILY = "1,2";
				TEST_HOST = "$(BUILT_PRODUCTS_DIR)/EateryLog.app/$(BUNDLE_EXECUTABLE_FOLDER_PATH)/EateryLog";
			};
			name = Debug;
		};
		38EAF1D32DE3F8AC00D4EA9E /* Release */ = {
			isa = XCBuildConfiguration;
			buildSettings = {
				BUNDLE_LOADER = "$(TEST_HOST)";
				CODE_SIGN_STYLE = Automatic;
				CURRENT_PROJECT_VERSION = 1;
				GENERATE_INFOPLIST_FILE = YES;
				IPHONEOS_DEPLOYMENT_TARGET = 18.4;
				MARKETING_VERSION = 1.0;
				PRODUCT_BUNDLE_IDENTIFIER = com.jimcsmith.FoodTracker2Tests;
				PRODUCT_NAME = "$(TARGET_NAME)";
				SWIFT_EMIT_LOC_STRINGS = NO;
				SWIFT_VERSION = 5.0;
				TARGETED_DEVICE_FAMILY = "1,2";
				TEST_HOST = "$(BUILT_PRODUCTS_DIR)/EateryLog.app/$(BUNDLE_EXECUTABLE_FOLDER_PATH)/EateryLog";
			};
			name = Release;
		};
		38EAF1D52DE3F8AC00D4EA9E /* Debug */ = {
			isa = XCBuildConfiguration;
			buildSettings = {
				CODE_SIGN_STYLE = Automatic;
				CURRENT_PROJECT_VERSION = 1;
				GENERATE_INFOPLIST_FILE = YES;
				MARKETING_VERSION = 1.0;
				PRODUCT_BUNDLE_IDENTIFIER = com.jimcsmith.FoodTracker2UITests;
				PRODUCT_NAME = "$(TARGET_NAME)";
				SWIFT_EMIT_LOC_STRINGS = NO;
				SWIFT_VERSION = 5.0;
				TARGETED_DEVICE_FAMILY = "1,2";
				TEST_TARGET_NAME = FoodTracker2;
			};
			name = Debug;
		};
		38EAF1D62DE3F8AC00D4EA9E /* Release */ = {
			isa = XCBuildConfiguration;
			buildSettings = {
				CODE_SIGN_STYLE = Automatic;
				CURRENT_PROJECT_VERSION = 1;
				GENERATE_INFOPLIST_FILE = YES;
				MARKETING_VERSION = 1.0;
				PRODUCT_BUNDLE_IDENTIFIER = com.jimcsmith.FoodTracker2UITests;
				PRODUCT_NAME = "$(TARGET_NAME)";
				SWIFT_EMIT_LOC_STRINGS = NO;
				SWIFT_VERSION = 5.0;
				TARGETED_DEVICE_FAMILY = "1,2";
				TEST_TARGET_NAME = FoodTracker2;
			};
			name = Release;
		};
/* End XCBuildConfiguration section */

/* Begin XCConfigurationList section */
		38EAF1A82DE3F8AA00D4EA9E /* Build configuration list for PBXProject "EateryLog" */ = {
			isa = XCConfigurationList;
			buildConfigurations = (
				38EAF1CC2DE3F8AC00D4EA9E /* Debug */,
				38EAF1CD2DE3F8AC00D4EA9E /* Release */,
			);
			defaultConfigurationIsVisible = 0;
			defaultConfigurationName = Release;
		};
		38EAF1CE2DE3F8AC00D4EA9E /* Build configuration list for PBXNativeTarget "EateryLog" */ = {
			isa = XCConfigurationList;
			buildConfigurations = (
				38EAF1CF2DE3F8AC00D4EA9E /* Debug */,
				38EAF1D02DE3F8AC00D4EA9E /* Release */,
			);
			defaultConfigurationIsVisible = 0;
			defaultConfigurationName = Release;
		};
		38EAF1D12DE3F8AC00D4EA9E /* Build configuration list for PBXNativeTarget "EateryLogTests" */ = {
			isa = XCConfigurationList;
			buildConfigurations = (
				38EAF1D22DE3F8AC00D4EA9E /* Debug */,
				38EAF1D32DE3F8AC00D4EA9E /* Release */,
			);
			defaultConfigurationIsVisible = 0;
			defaultConfigurationName = Release;
		};
		38EAF1D42DE3F8AC00D4EA9E /* Build configuration list for PBXNativeTarget "EateryLogUITests" */ = {
			isa = XCConfigurationList;
			buildConfigurations = (
				38EAF1D52DE3F8AC00D4EA9E /* Debug */,
				38EAF1D62DE3F8AC00D4EA9E /* Release */,
			);
			defaultConfigurationIsVisible = 0;
			defaultConfigurationName = Release;
		};
/* End XCConfigurationList section */

/* Begin XCRemoteSwiftPackageReference section */
		383339FF2E319FD3007246F0 /* XCRemoteSwiftPackageReference "ZIPFoundation" */ = {
			isa = XCRemoteSwiftPackageReference;
			repositoryURL = "https://github.com/weichsel/ZIPFoundation.git";
			requirement = {
				kind = upToNextMajorVersion;
				minimumVersion = 0.9.19;
			};
		};
/* End XCRemoteSwiftPackageReference section */

/* Begin XCSwiftPackageProductDependency section */
		38333A012E31A5EA007246F0 /* ZIPFoundation */ = {
			isa = XCSwiftPackageProductDependency;
			package = 383339FF2E319FD3007246F0 /* XCRemoteSwiftPackageReference "ZIPFoundation" */;
			productName = ZIPFoundation;
		};
/* End XCSwiftPackageProductDependency section */
	};
	rootObject = 38EAF1A52DE3F8AA00D4EA9E /* Project object */;
}
